
Microsoft Visual Studio Solution File, Format Version 12.00
# Visual Studio Version 16
VisualStudioVersion = 16.0.31129.286
MinimumVisualStudioVersion = 10.0.40219.1
Project("{9A19103F-16F7-4668-BE54-9A1E7A4F7556}") = "assignment1", "assignment1\assignment1.csproj", "{C3D7CEA4-0FCF-4ADE-9EC9-F817E2CFD1F1}"
EndProject
Project("{9A19103F-16F7-4668-BE54-9A1E7A4F7556}") = "ConwayGameOfLife-student", "assignment2\ConwayGameOfLife-student.csproj", "{16895B31-380C-4BE7-A512-11941B182F34}"
EndProject
Global
	GlobalSection(SolutionConfigurationPlatforms) = preSolution
		Debug|Any CPU = Debug|Any CPU
		Release|Any CPU = Release|Any CPU
	EndGlobalSection
	GlobalSection(ProjectConfigurationPlatforms) = postSolution
		{C3D7CEA4-0FCF-4ADE-9EC9-F817E2CFD1F1}.Debug|Any CPU.ActiveCfg = Debug|Any CPU
		{C3D7CEA4-0FCF-4ADE-9EC9-F817E2CFD1F1}.Debug|Any CPU.Build.0 = Debug|Any CPU
		{C3D7CEA4-0FCF-4ADE-9EC9-F817E2CFD1F1}.Release|Any CPU.ActiveCfg = Release|Any CPU
		{C3D7CEA4-0FCF-4ADE-9EC9-F817E2CFD1F1}.Release|Any CPU.Build.0 = Release|Any CPU
		{16895B31-380C-4BE7-A512-11941B182F34}.Debug|Any CPU.ActiveCfg = Debug|Any CPU
		{16895B31-380C-4BE7-A512-11941B182F34}.Debug|Any CPU.Build.0 = Debug|Any CPU
		{16895B31-380C-4BE7-A512-11941B182F34}.Release|Any CPU.ActiveCfg = Release|Any CPU
		{16895B31-380C-4BE7-A512-11941B182F34}.Release|Any CPU.Build.0 = Release|Any CPU
	EndGlobalSection
	GlobalSection(SolutionProperties) = preSolution
		HideSolutionNode = FALSE
	EndGlobalSection
	GlobalSection(ExtensibilityGlobals) = postSolution
		SolutionGuid = {D961B2B7-1CF4-4A27-A8ED-0613C9C39C33}
	EndGlobalSection
EndGlobal
